
Microsoft Visual Studio Solution File, Format Version 12.00
# Visual Studio Version 16
VisualStudioVersion = 16.0.30204.135
MinimumVisualStudioVersion = 10.0.40219.1
Project("{8BC9CEB8-8B4A-11D0-8D11-00A0C91BC942}") = "practice", "practice\practice.vcxproj", "{D596B2B6-F5B8-4D79-B834-5C645C4DBAF4}"
EndProject
Global
	GlobalSection(SolutionConfigurationPlatforms) = preSolution
		Debug|x64 = Debug|x64
		Debug|x86 = Debug|x86
		Release|x64 = Release|x64
		Release|x86 = Release|x86
	EndGlobalSection
	GlobalSection(ProjectConfigurationPlatforms) = postSolution
		{D596B2B6-F5B8-4D79-B834-5C645C4DBAF4}.Debug|x64.ActiveCfg = Debug|x64
		{D596B2B6-F5B8-4D79-B834-5C645C4DBAF4}.Debug|x64.Build.0 = Debug|x64
		{D596B2B6-F5B8-4D79-B834-5C645C4DBAF4}.Debug|x86.ActiveCfg = Debug|Win32
		{D596B2B6-F5B8-4D79-B834-5C645C4DBAF4}.Debug|x86.Build.0 = Debug|Win32
		{D596B2B6-F5B8-4D79-B834-5C645C4DBAF4}.Release|x64.ActiveCfg = Release|x64
		{D596B2B6-F5B8-4D79-B834-5C645C4DBAF4}.Release|x64.Build.0 = Release|x64
		{D596B2B6-F5B8-4D79-B834-5C645C4DBAF4}.Release|x86.ActiveCfg = Release|Win32
		{D596B2B6-F5B8-4D79-B834-5C645C4DBAF4}.Release|x86.Build.0 = Release|Win32
	EndGlobalSection
	GlobalSection(SolutionProperties) = preSolution
		HideSolutionNode = FALSE
	EndGlobalSection
	GlobalSection(ExtensibilityGlobals) = postSolution
		SolutionGuid = {86138414-04E0-4D2F-A17A-87B45E97C320}
	EndGlobalSection
EndGlobal
